
Microsoft Visual Studio Solution File, Format Version 12.00
# Visual Studio Version 17
VisualStudioVersion = 17.9.34723.18
MinimumVisualStudioVersion = 10.0.40219.1
Project("{9A19103F-16F7-4668-BE54-9A1E7A4F7556}") = "TOTPSharp", "TOTPSharp\TOTPSharp.csproj", "{7C7DFD2C-F4B7-4F8A-B3D7-ADC9A31EDEA8}"
EndProject
Project("{9A19103F-16F7-4668-BE54-9A1E7A4F7556}") = "TOTPSharpCLI", "TOTPSharpCLI\TOTPSharpCLI.csproj", "{F76465E0-F574-483D-BDEA-FD4003180DDD}"
EndProject
Project("{9A19103F-16F7-4668-BE54-9A1E7A4F7556}") = "TOTP_Tests", "TOTPSharp_Tests\TOTP_Tests.csproj", "{7BB26B3F-7F83-449B-A05F-C5C74CD9107C}"
EndProject
Global
	GlobalSection(SolutionConfigurationPlatforms) = preSolution
		Debug|Any CPU = Debug|Any CPU
		Release|Any CPU = Release|Any CPU
	EndGlobalSection
	GlobalSection(ProjectConfigurationPlatforms) = postSolution
		{7C7DFD2C-F4B7-4F8A-B3D7-ADC9A31EDEA8}.Debug|Any CPU.ActiveCfg = Debug|Any CPU
		{7C7DFD2C-F4B7-4F8A-B3D7-ADC9A31EDEA8}.Debug|Any CPU.Build.0 = Debug|Any CPU
		{7C7DFD2C-F4B7-4F8A-B3D7-ADC9A31EDEA8}.Release|Any CPU.ActiveCfg = Release|Any CPU
		{7C7DFD2C-F4B7-4F8A-B3D7-ADC9A31EDEA8}.Release|Any CPU.Build.0 = Release|Any CPU
		{F76465E0-F574-483D-BDEA-FD4003180DDD}.Debug|Any CPU.ActiveCfg = Debug|Any CPU
		{F76465E0-F574-483D-BDEA-FD4003180DDD}.Debug|Any CPU.Build.0 = Debug|Any CPU
		{F76465E0-F574-483D-BDEA-FD4003180DDD}.Release|Any CPU.ActiveCfg = Release|Any CPU
		{F76465E0-F574-483D-BDEA-FD4003180DDD}.Release|Any CPU.Build.0 = Release|Any CPU
		{7BB26B3F-7F83-449B-A05F-C5C74CD9107C}.Debug|Any CPU.ActiveCfg = Debug|Any CPU
		{7BB26B3F-7F83-449B-A05F-C5C74CD9107C}.Debug|Any CPU.Build.0 = Debug|Any CPU
		{7BB26B3F-7F83-449B-A05F-C5C74CD9107C}.Release|Any CPU.ActiveCfg = Release|Any CPU
		{7BB26B3F-7F83-449B-A05F-C5C74CD9107C}.Release|Any CPU.Build.0 = Release|Any CPU
	EndGlobalSection
	GlobalSection(SolutionProperties) = preSolution
		HideSolutionNode = FALSE
	EndGlobalSection
	GlobalSection(ExtensibilityGlobals) = postSolution
		SolutionGuid = {A759B6F9-9254-490B-8BE5-DA5BE437F3BD}
	EndGlobalSection
EndGlobal
